// !$*UTF8*$!
{
	archiveVersion = 1;
	classes = {
	};
	objectVersion = 46;
	objects = {

/* Begin PBXBuildFile section */
		1878AF981EDB1A7F00086425 /* main.m in Sources */ = {isa = PBXBuildFile; fileRef = 1878AF971EDB1A7F00086425 /* main.m */; };
		1878AF9B1EDB1A7F00086425 /* AppDelegate.m in Sources */ = {isa = PBXBuildFile; fileRef = 1878AF9A1EDB1A7F00086425 /* AppDelegate.m */; };
		1878AF9E1EDB1A7F00086425 /* ViewController.m in Sources */ = {isa = PBXBuildFile; fileRef = 1878AF9D1EDB1A7F00086425 /* ViewController.m */; };
		1878AFA11EDB1A7F00086425 /* Main.storyboard in Resources */ = {isa = PBXBuildFile; fileRef = 1878AF9F1EDB1A7F00086425 /* Main.storyboard */; };
		1878AFA31EDB1A7F00086425 /* Assets.xcassets in Resources */ = {isa = PBXBuildFile; fileRef = 1878AFA21EDB1A7F00086425 /* Assets.xcassets */; };
		1878AFA61EDB1A7F00086425 /* LaunchScreen.storyboard in Resources */ = {isa = PBXBuildFile; fileRef = 1878AFA41EDB1A7F00086425 /* LaunchScreen.storyboard */; };
		188FBFC01EDC04E60089A3A8 /* RefreshViewController.m in Sources */ = {isa = PBXBuildFile; fileRef = 188FBFBF1EDC04E60089A3A8 /* RefreshViewController.m */; };
		188FBFC41EDC43180089A3A8 /* UIView+WYLExtention.m in Sources */ = {isa = PBXBuildFile; fileRef = 188FBFC31EDC43180089A3A8 /* UIView+WYLExtention.m */; };
		188FBFCA1EDC61580089A3A8 /* UIScrollView+WYLExtention.m in Sources */ = {isa = PBXBuildFile; fileRef = 188FBFC91EDC61580089A3A8 /* UIScrollView+WYLExtention.m */; };
		188FBFCD1EDC62B30089A3A8 /* UIScrollView+WYLRefreshCategory.m in Sources */ = {isa = PBXBuildFile; fileRef = 188FBFCC1EDC62B30089A3A8 /* UIScrollView+WYLRefreshCategory.m */; };
		188FBFD51EDD50DA0089A3A8 /* arrow@2x.png in Resources */ = {isa = PBXBuildFile; fileRef = 188FBFD41EDD50DA0089A3A8 /* arrow@2x.png */; };
		188FBFD81EDD53600089A3A8 /* UILabel+width.m in Sources */ = {isa = PBXBuildFile; fileRef = 188FBFD71EDD53600089A3A8 /* UILabel+width.m */; };
		188FBFEA1EDD66E30089A3A8 /* WYLRefreshBaseHeader.m in Sources */ = {isa = PBXBuildFile; fileRef = 188FBFE11EDD66E30089A3A8 /* WYLRefreshBaseHeader.m */; };
		188FBFEB1EDD66E30089A3A8 /* WYLRefreshBaseView.m in Sources */ = {isa = PBXBuildFile; fileRef = 188FBFE31EDD66E30089A3A8 /* WYLRefreshBaseView.m */; };
		188FBFEC1EDD66E30089A3A8 /* WYLRefreshGifHeader.m in Sources */ = {isa = PBXBuildFile; fileRef = 188FBFE51EDD66E30089A3A8 /* WYLRefreshGifHeader.m */; };
		188FBFED1EDD66E30089A3A8 /* WYLRefreshNormalHeader.m in Sources */ = {isa = PBXBuildFile; fileRef = 188FBFE71EDD66E30089A3A8 /* WYLRefreshNormalHeader.m */; };
		188FBFEE1EDD66E30089A3A8 /* WYLRefreshStateHeader.m in Sources */ = {isa = PBXBuildFile; fileRef = 188FBFE91EDD66E30089A3A8 /* WYLRefreshStateHeader.m */; };
/* End PBXBuildFile section */

/* Begin PBXFileReference section */
		1878AF931EDB1A7F00086425 /* WYLRefresh.app */ = {isa = PBXFileReference; explicitFileType = wrapper.application; includeInIndex = 0; path = WYLRefresh.app; sourceTree = BUILT_PRODUCTS_DIR; };
		1878AF971EDB1A7F00086425 /* main.m */ = {isa = PBXFileReference; lastKnownFileType = sourcecode.c.objc; path = main.m; sourceTree = "<group>"; };
		1878AF991EDB1A7F00086425 /* AppDelegate.h */ = {isa = PBXFileReference; lastKnownFileType = sourcecode.c.h; path = AppDelegate.h; sourceTree = "<group>"; };
		1878AF9A1EDB1A7F00086425 /* AppDelegate.m */ = {isa = PBXFileReference; lastKnownFileType = sourcecode.c.objc; path = AppDelegate.m; sourceTree = "<group>"; };
		1878AF9C1EDB1A7F00086425 /* ViewController.h */ = {isa = PBXFileReference; lastKnownFileType = sourcecode.c.h; path = ViewController.h; sourceTree = "<group>"; };
		1878AF9D1EDB1A7F00086425 /* ViewController.m */ = {isa = PBXFileReference; lastKnownFileType = sourcecode.c.objc; path = ViewController.m; sourceTree = "<group>"; };
		1878AFA01EDB1A7F00086425 /* Base */ = {isa = PBXFileReference; lastKnownFileType = file.storyboard; name = Base; path = Base.lproj/Main.storyboard; sourceTree = "<group>"; };
		1878AFA21EDB1A7F00086425 /* Assets.xcassets */ = {isa = PBXFileReference; lastKnownFileType = folder.assetcatalog; path = Assets.xcassets; sourceTree = "<group>"; };
		1878AFA51EDB1A7F00086425 /* Base */ = {isa = PBXFileReference; lastKnownFileType = file.storyboard; name = Base; path = Base.lproj/LaunchScreen.storyboard; sourceTree = "<group>"; };
		1878AFA71EDB1A7F00086425 /* Info.plist */ = {isa = PBXFileReference; lastKnownFileType = text.plist.xml; path = Info.plist; sourceTree = "<group>"; };
		188FBFBE1EDC04E60089A3A8 /* RefreshViewController.h */ = {isa = PBXFileReference; fileEncoding = 4; lastKnownFileType = sourcecode.c.h; path = RefreshViewController.h; sourceTree = "<group>"; };
		188FBFBF1EDC04E60089A3A8 /* RefreshViewController.m */ = {isa = PBXFileReference; fileEncoding = 4; lastKnownFileType = sourcecode.c.objc; path = RefreshViewController.m; sourceTree = "<group>"; };
		188FBFC21EDC43180089A3A8 /* UIView+WYLExtention.h */ = {isa = PBXFileReference; fileEncoding = 4; lastKnownFileType = sourcecode.c.h; path = "UIView+WYLExtention.h"; sourceTree = "<group>"; };
		188FBFC31EDC43180089A3A8 /* UIView+WYLExtention.m */ = {isa = PBXFileReference; fileEncoding = 4; lastKnownFileType = sourcecode.c.objc; path = "UIView+WYLExtention.m"; sourceTree = "<group>"; };
		188FBFC81EDC61580089A3A8 /* UIScrollView+WYLExtention.h */ = {isa = PBXFileReference; fileEncoding = 4; lastKnownFileType = sourcecode.c.h; path = "UIScrollView+WYLExtention.h"; sourceTree = "<group>"; };
		188FBFC91EDC61580089A3A8 /* UIScrollView+WYLExtention.m */ = {isa = PBXFileReference; fileEncoding = 4; lastKnownFileType = sourcecode.c.objc; path = "UIScrollView+WYLExtention.m"; sourceTree = "<group>"; };
		188FBFCB1EDC62B30089A3A8 /* UIScrollView+WYLRefreshCategory.h */ = {isa = PBXFileReference; fileEncoding = 4; lastKnownFileType = sourcecode.c.h; path = "UIScrollView+WYLRefreshCategory.h"; sourceTree = "<group>"; };
		188FBFCC1EDC62B30089A3A8 /* UIScrollView+WYLRefreshCategory.m */ = {isa = PBXFileReference; fileEncoding = 4; lastKnownFileType = sourcecode.c.objc; path = "UIScrollView+WYLRefreshCategory.m"; sourceTree = "<group>"; };
		188FBFD41EDD50DA0089A3A8 /* arrow@2x.png */ = {isa = PBXFileReference; lastKnownFileType = image.png; path = "arrow@2x.png"; sourceTree = "<group>"; };
		188FBFD61EDD53600089A3A8 /* UILabel+width.h */ = {isa = PBXFileReference; fileEncoding = 4; lastKnownFileType = sourcecode.c.h; path = "UILabel+width.h"; sourceTree = "<group>"; };
		188FBFD71EDD53600089A3A8 /* UILabel+width.m */ = {isa = PBXFileReference; fileEncoding = 4; lastKnownFileType = sourcecode.c.objc; path = "UILabel+width.m"; sourceTree = "<group>"; };
		188FBFE01EDD66E30089A3A8 /* WYLRefreshBaseHeader.h */ = {isa = PBXFileReference; fileEncoding = 4; lastKnownFileType = sourcecode.c.h; path = WYLRefreshBaseHeader.h; sourceTree = "<group>"; };
		188FBFE11EDD66E30089A3A8 /* WYLRefreshBaseHeader.m */ = {isa = PBXFileReference; fileEncoding = 4; lastKnownFileType = sourcecode.c.objc; path = WYLRefreshBaseHeader.m; sourceTree = "<group>"; };
		188FBFE21EDD66E30089A3A8 /* WYLRefreshBaseView.h */ = {isa = PBXFileReference; fileEncoding = 4; lastKnownFileType = sourcecode.c.h; path = WYLRefreshBaseView.h; sourceTree = "<group>"; };
		188FBFE31EDD66E30089A3A8 /* WYLRefreshBaseView.m */ = {isa = PBXFileReference; fileEncoding = 4; lastKnownFileType = sourcecode.c.objc; path = WYLRefreshBaseView.m; sourceTree = "<group>"; };
		188FBFE41EDD66E30089A3A8 /* WYLRefreshGifHeader.h */ = {isa = PBXFileReference; fileEncoding = 4; lastKnownFileType = sourcecode.c.h; path = WYLRefreshGifHeader.h; sourceTree = "<group>"; };
		188FBFE51EDD66E30089A3A8 /* WYLRefreshGifHeader.m */ = {isa = PBXFileReference; fileEncoding = 4; lastKnownFileType = sourcecode.c.objc; path = WYLRefreshGifHeader.m; sourceTree = "<group>"; };
		188FBFE61EDD66E30089A3A8 /* WYLRefreshNormalHeader.h */ = {isa = PBXFileReference; fileEncoding = 4; lastKnownFileType = sourcecode.c.h; path = WYLRefreshNormalHeader.h; sourceTree = "<group>"; };
		188FBFE71EDD66E30089A3A8 /* WYLRefreshNormalHeader.m */ = {isa = PBXFileReference; fileEncoding = 4; lastKnownFileType = sourcecode.c.objc; path = WYLRefreshNormalHeader.m; sourceTree = "<group>"; };
		188FBFE81EDD66E30089A3A8 /* WYLRefreshStateHeader.h */ = {isa = PBXFileReference; fileEncoding = 4; lastKnownFileType = sourcecode.c.h; path = WYLRefreshStateHeader.h; sourceTree = "<group>"; };
		188FBFE91EDD66E30089A3A8 /* WYLRefreshStateHeader.m */ = {isa = PBXFileReference; fileEncoding = 4; lastKnownFileType = sourcecode.c.objc; path = WYLRefreshStateHeader.m; sourceTree = "<group>"; };
/* End PBXFileReference section */

/* Begin PBXFrameworksBuildPhase section */
		1878AF901EDB1A7F00086425 /* Frameworks */ = {
			isa = PBXFrameworksBuildPhase;
			buildActionMask = 2147483647;
			files = (
			);
			runOnlyForDeploymentPostprocessing = 0;
		};
/* End PBXFrameworksBuildPhase section */

/* Begin PBXGroup section */
		1878AF8A1EDB1A7F00086425 = {
			isa = PBXGroup;
			children = (
				1878AF951EDB1A7F00086425 /* WYLRefresh */,
				1878AF941EDB1A7F00086425 /* Products */,
			);
			sourceTree = "<group>";
		};
		1878AF941EDB1A7F00086425 /* Products */ = {
			isa = PBXGroup;
			children = (
				1878AF931EDB1A7F00086425 /* WYLRefresh.app */,
			);
			name = Products;
			sourceTree = "<group>";
		};
		1878AF951EDB1A7F00086425 /* WYLRefresh */ = {
			isa = PBXGroup;
			children = (
				188FBFBA1EDBC3A80089A3A8 /* WYLRefresh */,
				1878AF991EDB1A7F00086425 /* AppDelegate.h */,
				1878AF9A1EDB1A7F00086425 /* AppDelegate.m */,
				1878AF9C1EDB1A7F00086425 /* ViewController.h */,
				1878AF9D1EDB1A7F00086425 /* ViewController.m */,
				188FBFBE1EDC04E60089A3A8 /* RefreshViewController.h */,
				188FBFBF1EDC04E60089A3A8 /* RefreshViewController.m */,
				1878AF9F1EDB1A7F00086425 /* Main.storyboard */,
				1878AFA21EDB1A7F00086425 /* Assets.xcassets */,
				1878AFA41EDB1A7F00086425 /* LaunchScreen.storyboard */,
				1878AFA71EDB1A7F00086425 /* Info.plist */,
				1878AF961EDB1A7F00086425 /* Supporting Files */,
			);
			path = WYLRefresh;
			sourceTree = "<group>";
		};
		1878AF961EDB1A7F00086425 /* Supporting Files */ = {
			isa = PBXGroup;
			children = (
				1878AF971EDB1A7F00086425 /* main.m */,
			);
			name = "Supporting Files";
			sourceTree = "<group>";
		};
		188FBFBA1EDBC3A80089A3A8 /* WYLRefresh */ = {
			isa = PBXGroup;
			children = (
				188FBFDF1EDD66E30089A3A8 /* WYLRefreshHeader */,
				188FBFD41EDD50DA0089A3A8 /* arrow@2x.png */,
				188FBFC11EDC43100089A3A8 /* Category */,
			);
			path = WYLRefresh;
			sourceTree = "<group>";
		};
		188FBFC11EDC43100089A3A8 /* Category */ = {
			isa = PBXGroup;
			children = (
				188FBFC81EDC61580089A3A8 /* UIScrollView+WYLExtention.h */,
				188FBFC91EDC61580089A3A8 /* UIScrollView+WYLExtention.m */,
				188FBFC21EDC43180089A3A8 /* UIView+WYLExtention.h */,
				188FBFC31EDC43180089A3A8 /* UIView+WYLExtention.m */,
				188FBFCB1EDC62B30089A3A8 /* UIScrollView+WYLRefreshCategory.h */,
				188FBFCC1EDC62B30089A3A8 /* UIScrollView+WYLRefreshCategory.m */,
				188FBFD61EDD53600089A3A8 /* UILabel+width.h */,
				188FBFD71EDD53600089A3A8 /* UILabel+width.m */,
			);
			path = Category;
			sourceTree = "<group>";
		};
		188FBFDF1EDD66E30089A3A8 /* WYLRefreshHeader */ = {
			isa = PBXGroup;
			children = (
				188FBFE01EDD66E30089A3A8 /* WYLRefreshBaseHeader.h */,
				188FBFE11EDD66E30089A3A8 /* WYLRefreshBaseHeader.m */,
				188FBFE21EDD66E30089A3A8 /* WYLRefreshBaseView.h */,
				188FBFE31EDD66E30089A3A8 /* WYLRefreshBaseView.m */,
				188FBFE41EDD66E30089A3A8 /* WYLRefreshGifHeader.h */,
				188FBFE51EDD66E30089A3A8 /* WYLRefreshGifHeader.m */,
				188FBFE61EDD66E30089A3A8 /* WYLRefreshNormalHeader.h */,
				188FBFE71EDD66E30089A3A8 /* WYLRefreshNormalHeader.m */,
				188FBFE81EDD66E30089A3A8 /* WYLRefreshStateHeader.h */,
				188FBFE91EDD66E30089A3A8 /* WYLRefreshStateHeader.m */,
			);
			path = WYLRefreshHeader;
			sourceTree = "<group>";
		};
/* End PBXGroup section */

/* Begin PBXNativeTarget section */
		1878AF921EDB1A7F00086425 /* WYLRefresh */ = {
			isa = PBXNativeTarget;
			buildConfigurationList = 1878AFAA1EDB1A7F00086425 /* Build configuration list for PBXNativeTarget "WYLRefresh" */;
			buildPhases = (
				1878AF8F1EDB1A7F00086425 /* Sources */,
				1878AF901EDB1A7F00086425 /* Frameworks */,
				1878AF911EDB1A7F00086425 /* Resources */,
			);
			buildRules = (
			);
			dependencies = (
			);
			name = WYLRefresh;
			productName = WYLRefresh;
			productReference = 1878AF931EDB1A7F00086425 /* WYLRefresh.app */;
			productType = "com.apple.product-type.application";
		};
/* End PBXNativeTarget section */

/* Begin PBXProject section */
		1878AF8B1EDB1A7F00086425 /* Project object */ = {
			isa = PBXProject;
			attributes = {
				LastUpgradeCheck = 0830;
				ORGANIZATIONNAME = wyl;
				TargetAttributes = {
					1878AF921EDB1A7F00086425 = {
						CreatedOnToolsVersion = 8.3.2;
						DevelopmentTeam = HS686A3WXM;
						ProvisioningStyle = Automatic;
					};
				};
			};
			buildConfigurationList = 1878AF8E1EDB1A7F00086425 /* Build configuration list for PBXProject "WYLRefresh" */;
			compatibilityVersion = "Xcode 3.2";
			developmentRegion = English;
			hasScannedForEncodings = 0;
			knownRegions = (
				en,
				Base,
			);
			mainGroup = 1878AF8A1EDB1A7F00086425;
			productRefGroup = 1878AF941EDB1A7F00086425 /* Products */;
			projectDirPath = "";
			projectRoot = "";
			targets = (
				1878AF921EDB1A7F00086425 /* WYLRefresh */,
			);
		};
/* End PBXProject section */

/* Begin PBXResourcesBuildPhase section */
		1878AF911EDB1A7F00086425 /* Resources */ = {
			isa = PBXResourcesBuildPhase;
			buildActionMask = 2147483647;
			files = (
				188FBFD51EDD50DA0089A3A8 /* arrow@2x.png in Resources */,
				1878AFA61EDB1A7F00086425 /* LaunchScreen.storyboard in Resources */,
				1878AFA31EDB1A7F00086425 /* Assets.xcassets in Resources */,
				1878AFA11EDB1A7F00086425 /* Main.storyboard in Resources */,
			);
			runOnlyForDeploymentPostprocessing = 0;
		};
/* End PBXResourcesBuildPhase section */

/* Begin PBXSourcesBuildPhase section */
		1878AF8F1EDB1A7F00086425 /* Sources */ = {
			isa = PBXSourcesBuildPhase;
			buildActionMask = 2147483647;
			files = (
				188FBFED1EDD66E30089A3A8 /* WYLRefreshNormalHeader.m in Sources */,
				188FBFEB1EDD66E30089A3A8 /* WYLRefreshBaseView.m in Sources */,
				188FBFEA1EDD66E30089A3A8 /* WYLRefreshBaseHeader.m in Sources */,
				188FBFCD1EDC62B30089A3A8 /* UIScrollView+WYLRefreshCategory.m in Sources */,
				188FBFC01EDC04E60089A3A8 /* RefreshViewController.m in Sources */,
				188FBFCA1EDC61580089A3A8 /* UIScrollView+WYLExtention.m in Sources */,
				1878AF9E1EDB1A7F00086425 /* ViewController.m in Sources */,
				188FBFD81EDD53600089A3A8 /* UILabel+width.m in Sources */,
				188FBFEE1EDD66E30089A3A8 /* WYLRefreshStateHeader.m in Sources */,
				1878AF9B1EDB1A7F00086425 /* AppDelegate.m in Sources */,
				188FBFEC1EDD66E30089A3A8 /* WYLRefreshGifHeader.m in Sources */,
				188FBFC41EDC43180089A3A8 /* UIView+WYLExtention.m in Sources */,
				1878AF981EDB1A7F00086425 /* main.m in Sources */,
			);
			runOnlyForDeploymentPostprocessing = 0;
		};
/* End PBXSourcesBuildPhase section */

/* Begin PBXVariantGroup section */
		1878AF9F1EDB1A7F00086425 /* Main.storyboard */ = {
			isa = PBXVariantGroup;
			children = (
				1878AFA01EDB1A7F00086425 /* Base */,
			);
			name = Main.storyboard;
			sourceTree = "<group>";
		};
		1878AFA41EDB1A7F00086425 /* LaunchScreen.storyboard */ = {
			isa = PBXVariantGroup;
			children = (
				1878AFA51EDB1A7F00086425 /* Base */,
			);
			name = LaunchScreen.storyboard;
			sourceTree = "<group>";
		};
/* End PBXVariantGroup section */

/* Begin XCBuildConfiguration section */
		1878AFA81EDB1A7F00086425 /* Debug */ = {
			isa = XCBuildConfiguration;
			buildSettings = {
				ALWAYS_SEARCH_USER_PATHS = NO;
				CLANG_ANALYZER_NONNULL = YES;
				CLANG_ANALYZER_NUMBER_OBJECT_CONVERSION = YES_AGGRESSIVE;
				CLANG_CXX_LANGUAGE_STANDARD = "gnu++0x";
				CLANG_CXX_LIBRARY = "libc++";
				CLANG_ENABLE_MODULES = YES;
				CLANG_ENABLE_OBJC_ARC = YES;
				CLANG_WARN_BOOL_CONVERSION = YES;
				CLANG_WARN_CONSTANT_CONVERSION = YES;
				CLANG_WARN_DIRECT_OBJC_ISA_USAGE = YES_ERROR;
				CLANG_WARN_DOCUMENTATION_COMMENTS = YES;
				CLANG_WARN_EMPTY_BODY = YES;
				CLANG_WARN_ENUM_CONVERSION = YES;
				CLANG_WARN_INFINITE_RECURSION = YES;
				CLANG_WARN_INT_CONVERSION = YES;
				CLANG_WARN_OBJC_ROOT_CLASS = YES_ERROR;
				CLANG_WARN_SUSPICIOUS_MOVE = YES;
				CLANG_WARN_UNREACHABLE_CODE = YES;
				CLANG_WARN__DUPLICATE_METHOD_MATCH = YES;
				"CODE_SIGN_IDENTITY[sdk=iphoneos*]" = "iPhone Developer";
				COPY_PHASE_STRIP = NO;
				DEBUG_INFORMATION_FORMAT = dwarf;
				ENABLE_STRICT_OBJC_MSGSEND = YES;
				ENABLE_TESTABILITY = YES;
				GCC_C_LANGUAGE_STANDARD = gnu99;
				GCC_DYNAMIC_NO_PIC = NO;
				GCC_NO_COMMON_BLOCKS = YES;
				GCC_OPTIMIZATION_LEVEL = 0;
				GCC_PREPROCESSOR_DEFINITIONS = (
					"DEBUG=1",
					"$(inherited)",
				);
				GCC_WARN_64_TO_32_BIT_CONVERSION = YES;
				GCC_WARN_ABOUT_RETURN_TYPE = YES_ERROR;
				GCC_WARN_UNDECLARED_SELECTOR = YES;
				GCC_WARN_UNINITIALIZED_AUTOS = YES_AGGRESSIVE;
				GCC_WARN_UNUSED_FUNCTION = YES;
				GCC_WARN_UNUSED_VARIABLE = YES;
				IPHONEOS_DEPLOYMENT_TARGET = 10.3;
				MTL_ENABLE_DEBUG_INFO = YES;
				ONLY_ACTIVE_ARCH = YES;
				SDKROOT = iphoneos;
			};
			name = Debug;
		};
		1878AFA91EDB1A7F00086425 /* Release */ = {
			isa = XCBuildConfiguration;
			buildSettings = {
				ALWAYS_SEARCH_USER_PATHS = NO;
				CLANG_ANALYZER_NONNULL = YES;
				CLANG_ANALYZER_NUMBER_OBJECT_CONVERSION = YES_AGGRESSIVE;
				CLANG_CXX_LANGUAGE_STANDARD = "gnu++0x";
				CLANG_CXX_LIBRARY = "libc++";
				CLANG_ENABLE_MODULES = YES;
				CLANG_ENABLE_OBJC_ARC = YES;
				CLANG_WARN_BOOL_CONVERSION = YES;
				CLANG_WARN_CONSTANT_CONVERSION = YES;
				CLANG_WARN_DIRECT_OBJC_ISA_USAGE = YES_ERROR;
				CLANG_WARN_DOCUMENTATION_COMMENTS = YES;
				CLANG_WARN_EMPTY_BODY = YES;
				CLANG_WARN_ENUM_CONVERSION = YES;
				CLANG_WARN_INFINITE_RECURSION = YES;
				CLANG_WARN_INT_CONVERSION = YES;
				CLANG_WARN_OBJC_ROOT_CLASS = YES_ERROR;
				CLANG_WARN_SUSPICIOUS_MOVE = YES;
				CLANG_WARN_UNREACHABLE_CODE = YES;
				CLANG_WARN__DUPLICATE_METHOD_MATCH = YES;
				"CODE_SIGN_IDENTITY[sdk=iphoneos*]" = "iPhone Developer";
				COPY_PHASE_STRIP = NO;
				DEBUG_INFORMATION_FORMAT = "dwarf-with-dsym";
				ENABLE_NS_ASSERTIONS = NO;
				ENABLE_STRICT_OBJC_MSGSEND = YES;
				GCC_C_LANGUAGE_STANDARD = gnu99;
				GCC_NO_COMMON_BLOCKS = YES;
				GCC_WARN_64_TO_32_BIT_CONVERSION = YES;
				GCC_WARN_ABOUT_RETURN_TYPE = YES_ERROR;
				GCC_WARN_UNDECLARED_SELECTOR = YES;
				GCC_WARN_UNINITIALIZED_AUTOS = YES_AGGRESSIVE;
				GCC_WARN_UNUSED_FUNCTION = YES;
				GCC_WARN_UNUSED_VARIABLE = YES;
				IPHONEOS_DEPLOYMENT_TARGET = 10.3;
				MTL_ENABLE_DEBUG_INFO = NO;
				SDKROOT = iphoneos;
				VALIDATE_PRODUCT = YES;
			};
			name = Release;
		};
		1878AFAB1EDB1A7F00086425 /* Debug */ = {
			isa = XCBuildConfiguration;
			buildSettings = {
				ASSETCATALOG_COMPILER_APPICON_NAME = AppIcon;
				DEVELOPMENT_TEAM = HS686A3WXM;
				INFOPLIST_FILE = WYLRefresh/Info.plist;
				LD_RUNPATH_SEARCH_PATHS = "$(inherited) @executable_path/Frameworks";
				PRODUCT_BUNDLE_IDENTIFIER = com.WYLRefresh;
				PRODUCT_NAME = "$(TARGET_NAME)";
			};
			name = Debug;
		};
		1878AFAC1EDB1A7F00086425 /* Release */ = {
			isa = XCBuildConfiguration;
			buildSettings = {
				ASSETCATALOG_COMPILER_APPICON_NAME = AppIcon;
				DEVELOPMENT_TEAM = HS686A3WXM;
				INFOPLIST_FILE = WYLRefresh/Info.plist;
				LD_RUNPATH_SEARCH_PATHS = "$(inherited) @executable_path/Frameworks";
				PRODUCT_BUNDLE_IDENTIFIER = com.WYLRefresh;
				PRODUCT_NAME = "$(TARGET_NAME)";
			};
			name = Release;
		};
/* End XCBuildConfiguration section */

/* Begin XCConfigurationList section */
		1878AF8E1EDB1A7F00086425 /* Build configuration list for PBXProject "WYLRefresh" */ = {
			isa = XCConfigurationList;
			buildConfigurations = (
				1878AFA81EDB1A7F00086425 /* Debug */,
				1878AFA91EDB1A7F00086425 /* Release */,
			);
			defaultConfigurationIsVisible = 0;
			defaultConfigurationName = Release;
		};
		1878AFAA1EDB1A7F00086425 /* Build configuration list for PBXNativeTarget "WYLRefresh" */ = {
			isa = XCConfigurationList;
			buildConfigurations = (
				1878AFAB1EDB1A7F00086425 /* Debug */,
				1878AFAC1EDB1A7F00086425 /* Release */,
			);
			defaultConfigurationIsVisible = 0;
			defaultConfigurationName = Release;
		};
/* End XCConfigurationList section */
	};
	rootObject = 1878AF8B1EDB1A7F00086425 /* Project object */;
}
